
Microsoft Visual Studio Solution File, Format Version 12.00
# Visual Studio Version 17
VisualStudioVersion = 17.6.33723.286
MinimumVisualStudioVersion = 10.0.40219.1
Project("{FAE04EC0-301F-11D3-BF4B-00C04F79EFBC}") = "AreaDoCirculo", "AreaDoCirculo\AreaDoCirculo.csproj", "{BC93BF4A-A8D4-4FC0-A608-C5D45A889354}"
EndProject
Global
	GlobalSection(SolutionConfigurationPlatforms) = preSolution
		Debug|Any CPU = Debug|Any CPU
		Release|Any CPU = Release|Any CPU
	EndGlobalSection
	GlobalSection(ProjectConfigurationPlatforms) = postSolution
		{BC93BF4A-A8D4-4FC0-A608-C5D45A889354}.Debug|Any CPU.ActiveCfg = Debug|Any CPU
		{BC93BF4A-A8D4-4FC0-A608-C5D45A889354}.Debug|Any CPU.Build.0 = Debug|Any CPU
		{BC93BF4A-A8D4-4FC0-A608-C5D45A889354}.Release|Any CPU.ActiveCfg = Release|Any CPU
		{BC93BF4A-A8D4-4FC0-A608-C5D45A889354}.Release|Any CPU.Build.0 = Release|Any CPU
	EndGlobalSection
	GlobalSection(SolutionProperties) = preSolution
		HideSolutionNode = FALSE
	EndGlobalSection
	GlobalSection(ExtensibilityGlobals) = postSolution
		SolutionGuid = {F5A82E56-981A-4AC1-A646-D3D41C7203AF}
	EndGlobalSection
EndGlobal
